
Microsoft Visual Studio Solution File, Format Version 12.00
# Visual Studio Version 17
VisualStudioVersion = 17.4.33213.308
MinimumVisualStudioVersion = 10.0.40219.1
Project("{FAE04EC0-301F-11D3-BF4B-00C04F79EFBC}") = "WeaponStatEditor", "WeaponCooldownRemover\WeaponStatEditor.csproj", "{519EE713-D9B3-4FF8-85D2-4DBF0C179085}"
EndProject
Global
	GlobalSection(SolutionConfigurationPlatforms) = preSolution
		Debug|Any CPU = Debug|Any CPU
		Release|Any CPU = Release|Any CPU
	EndGlobalSection
	GlobalSection(ProjectConfigurationPlatforms) = postSolution
		{519EE713-D9B3-4FF8-85D2-4DBF0C179085}.Debug|Any CPU.ActiveCfg = Debug|Any CPU
		{519EE713-D9B3-4FF8-85D2-4DBF0C179085}.Debug|Any CPU.Build.0 = Debug|Any CPU
		{519EE713-D9B3-4FF8-85D2-4DBF0C179085}.Release|Any CPU.ActiveCfg = Release|Any CPU
		{519EE713-D9B3-4FF8-85D2-4DBF0C179085}.Release|Any CPU.Build.0 = Release|Any CPU
	EndGlobalSection
	GlobalSection(SolutionProperties) = preSolution
		HideSolutionNode = FALSE
	EndGlobalSection
	GlobalSection(ExtensibilityGlobals) = postSolution
		SolutionGuid = {056A7B80-132B-4A13-BD45-DADD2D0C80CB}
	EndGlobalSection
EndGlobal
